
Microsoft Visual Studio Solution File, Format Version 12.00
# Visual Studio Version 17
VisualStudioVersion = 17.11.35222.181
MinimumVisualStudioVersion = 10.0.40219.1
Project("{9A19103F-16F7-4668-BE54-9A1E7A4F7556}") = "PalabrasMagicas.Tests", "PalabrasMagicas.Tests.csproj", "{ACD9A9C1-B8F8-4441-956F-9DF7DCA1F61E}"
EndProject
Global
	GlobalSection(SolutionConfigurationPlatforms) = preSolution
		Debug|Any CPU = Debug|Any CPU
		Release|Any CPU = Release|Any CPU
	EndGlobalSection
	GlobalSection(ProjectConfigurationPlatforms) = postSolution
		{ACD9A9C1-B8F8-4441-956F-9DF7DCA1F61E}.Debug|Any CPU.ActiveCfg = Debug|Any CPU
		{ACD9A9C1-B8F8-4441-956F-9DF7DCA1F61E}.Debug|Any CPU.Build.0 = Debug|Any CPU
		{ACD9A9C1-B8F8-4441-956F-9DF7DCA1F61E}.Release|Any CPU.ActiveCfg = Release|Any CPU
		{ACD9A9C1-B8F8-4441-956F-9DF7DCA1F61E}.Release|Any CPU.Build.0 = Release|Any CPU
	EndGlobalSection
	GlobalSection(SolutionProperties) = preSolution
		HideSolutionNode = FALSE
	EndGlobalSection
	GlobalSection(ExtensibilityGlobals) = postSolution
		SolutionGuid = {6976A483-E127-43CD-820A-B635D5A56248}
	EndGlobalSection
EndGlobal
