
Microsoft Visual Studio Solution File, Format Version 12.00
# Visual Studio Version 17
VisualStudioVersion = 17.11.35222.181
MinimumVisualStudioVersion = 10.0.40219.1
Project("{9A19103F-16F7-4668-BE54-9A1E7A4F7556}") = "AlmacenAPI", "AlmacenAPI.csproj", "{EDBA21F6-A1B9-4405-9E02-ABDAC46934A7}"
EndProject
Global
	GlobalSection(SolutionConfigurationPlatforms) = preSolution
		Debug|Any CPU = Debug|Any CPU
		Release|Any CPU = Release|Any CPU
	EndGlobalSection
	GlobalSection(ProjectConfigurationPlatforms) = postSolution
		{EDBA21F6-A1B9-4405-9E02-ABDAC46934A7}.Debug|Any CPU.ActiveCfg = Debug|Any CPU
		{EDBA21F6-A1B9-4405-9E02-ABDAC46934A7}.Debug|Any CPU.Build.0 = Debug|Any CPU
		{EDBA21F6-A1B9-4405-9E02-ABDAC46934A7}.Release|Any CPU.ActiveCfg = Release|Any CPU
		{EDBA21F6-A1B9-4405-9E02-ABDAC46934A7}.Release|Any CPU.Build.0 = Release|Any CPU
	EndGlobalSection
	GlobalSection(SolutionProperties) = preSolution
		HideSolutionNode = FALSE
	EndGlobalSection
	GlobalSection(ExtensibilityGlobals) = postSolution
		SolutionGuid = {52328E9E-9BC3-4968-960D-75B18919A2F7}
	EndGlobalSection
EndGlobal
