
Microsoft Visual Studio Solution File, Format Version 12.00
# Visual Studio Version 17
VisualStudioVersion = 17.11.35222.181
MinimumVisualStudioVersion = 10.0.40219.1
Project("{9A19103F-16F7-4668-BE54-9A1E7A4F7556}") = "AlmacenAPI.Tests", "AlmacenAPI.Tests.csproj", "{CEA9B31C-68C0-4C88-BFA3-3484D108E638}"
EndProject
Global
	GlobalSection(SolutionConfigurationPlatforms) = preSolution
		Debug|Any CPU = Debug|Any CPU
		Release|Any CPU = Release|Any CPU
	EndGlobalSection
	GlobalSection(ProjectConfigurationPlatforms) = postSolution
		{CEA9B31C-68C0-4C88-BFA3-3484D108E638}.Debug|Any CPU.ActiveCfg = Debug|Any CPU
		{CEA9B31C-68C0-4C88-BFA3-3484D108E638}.Debug|Any CPU.Build.0 = Debug|Any CPU
		{CEA9B31C-68C0-4C88-BFA3-3484D108E638}.Release|Any CPU.ActiveCfg = Release|Any CPU
		{CEA9B31C-68C0-4C88-BFA3-3484D108E638}.Release|Any CPU.Build.0 = Release|Any CPU
	EndGlobalSection
	GlobalSection(SolutionProperties) = preSolution
		HideSolutionNode = FALSE
	EndGlobalSection
	GlobalSection(ExtensibilityGlobals) = postSolution
		SolutionGuid = {92B86E99-84AD-48E1-B415-034472539F63}
	EndGlobalSection
EndGlobal
